
Microsoft Visual Studio Solution File, Format Version 12.00
# Visual Studio Version 16
VisualStudioVersion = 16.0.29519.181
MinimumVisualStudioVersion = 10.0.40219.1
Project("{9A19103F-16F7-4668-BE54-9A1E7A4F7556}") = "MiniCarsales.Web", "MiniCarsales.Web\MiniCarsales.Web.csproj", "{EE3A1875-2733-4411-BDB3-08ED3A8ADC57}"
EndProject
Project("{9A19103F-16F7-4668-BE54-9A1E7A4F7556}") = "MiniCarsales.Models", "MiniCarsales.Models\MiniCarsales.Models.csproj", "{33214C57-7E29-4488-87A0-11F17BCC8531}"
EndProject
Project("{9A19103F-16F7-4668-BE54-9A1E7A4F7556}") = "MiniCarsales.Repositories", "MiniCarSales.Repositories\MiniCarsales.Repositories.csproj", "{04BE7F9B-A2F9-47D1-8A76-D39766FF9A85}"
EndProject
Project("{FAE04EC0-301F-11D3-BF4B-00C04F79EFBC}") = "MiniCarsales.Services", "MiniCarsales.Services\MiniCarsales.Services.csproj", "{5BE509B9-62E6-47FB-8203-3F0E6B9B560D}"
EndProject
Project("{FAE04EC0-301F-11D3-BF4B-00C04F79EFBC}") = "MiniCarsales.Dtos", "MiniCarsales.Dtos\MiniCarsales.Dtos.csproj", "{D00CD84B-7DDA-4B7C-9DA1-73753C63DACD}"
EndProject
Global
	GlobalSection(SolutionConfigurationPlatforms) = preSolution
		Debug|Any CPU = Debug|Any CPU
		Release|Any CPU = Release|Any CPU
	EndGlobalSection
	GlobalSection(ProjectConfigurationPlatforms) = postSolution
		{EE3A1875-2733-4411-BDB3-08ED3A8ADC57}.Debug|Any CPU.ActiveCfg = Debug|Any CPU
		{EE3A1875-2733-4411-BDB3-08ED3A8ADC57}.Debug|Any CPU.Build.0 = Debug|Any CPU
		{EE3A1875-2733-4411-BDB3-08ED3A8ADC57}.Release|Any CPU.ActiveCfg = Release|Any CPU
		{EE3A1875-2733-4411-BDB3-08ED3A8ADC57}.Release|Any CPU.Build.0 = Release|Any CPU
		{33214C57-7E29-4488-87A0-11F17BCC8531}.Debug|Any CPU.ActiveCfg = Debug|Any CPU
		{33214C57-7E29-4488-87A0-11F17BCC8531}.Debug|Any CPU.Build.0 = Debug|Any CPU
		{33214C57-7E29-4488-87A0-11F17BCC8531}.Release|Any CPU.ActiveCfg = Release|Any CPU
		{33214C57-7E29-4488-87A0-11F17BCC8531}.Release|Any CPU.Build.0 = Release|Any CPU
		{04BE7F9B-A2F9-47D1-8A76-D39766FF9A85}.Debug|Any CPU.ActiveCfg = Debug|Any CPU
		{04BE7F9B-A2F9-47D1-8A76-D39766FF9A85}.Debug|Any CPU.Build.0 = Debug|Any CPU
		{04BE7F9B-A2F9-47D1-8A76-D39766FF9A85}.Release|Any CPU.ActiveCfg = Release|Any CPU
		{04BE7F9B-A2F9-47D1-8A76-D39766FF9A85}.Release|Any CPU.Build.0 = Release|Any CPU
		{5BE509B9-62E6-47FB-8203-3F0E6B9B560D}.Debug|Any CPU.ActiveCfg = Debug|Any CPU
		{5BE509B9-62E6-47FB-8203-3F0E6B9B560D}.Debug|Any CPU.Build.0 = Debug|Any CPU
		{5BE509B9-62E6-47FB-8203-3F0E6B9B560D}.Release|Any CPU.ActiveCfg = Release|Any CPU
		{5BE509B9-62E6-47FB-8203-3F0E6B9B560D}.Release|Any CPU.Build.0 = Release|Any CPU
		{D00CD84B-7DDA-4B7C-9DA1-73753C63DACD}.Debug|Any CPU.ActiveCfg = Debug|Any CPU
		{D00CD84B-7DDA-4B7C-9DA1-73753C63DACD}.Debug|Any CPU.Build.0 = Debug|Any CPU
		{D00CD84B-7DDA-4B7C-9DA1-73753C63DACD}.Release|Any CPU.ActiveCfg = Release|Any CPU
		{D00CD84B-7DDA-4B7C-9DA1-73753C63DACD}.Release|Any CPU.Build.0 = Release|Any CPU
	EndGlobalSection
	GlobalSection(SolutionProperties) = preSolution
		HideSolutionNode = FALSE
	EndGlobalSection
	GlobalSection(ExtensibilityGlobals) = postSolution
		SolutionGuid = {9B3158F8-23C5-41B5-9D2D-D59B0E672EF3}
	EndGlobalSection
EndGlobal
